
Microsoft Visual Studio Solution File, Format Version 12.00
# Visual Studio Version 17
VisualStudioVersion = 17.14.36623.8 d17.14
MinimumVisualStudioVersion = 10.0.40219.1
Project("{2150E333-8FDC-42A3-9474-1A3956D46DE8}") = "Task0", "Task0", "{02EA681E-C7D8-13C7-8484-4AC65E1B71E8}"
EndProject
Project("{FAE04EC0-301F-11D3-BF4B-00C04F79EFBC}") = "Tyuiu.AroyanAV.Sprint5.Task0.V30", "Tyuiu.AroyanAV.Sprint5.Task0.V30\Tyuiu.AroyanAV.Sprint5.Task0.V30.csproj", "{DC47AB6D-C874-4F72-9835-7E6E6C3E042A}"
EndProject
Project("{FAE04EC0-301F-11D3-BF4B-00C04F79EFBC}") = "Tyuiu.AroyanAV.Sprint5.Task0.V30.Lib", "Tyuiu.AroyanAV.Sprint5.Task0.V30.Lib\Tyuiu.AroyanAV.Sprint5.Task0.V30.Lib.csproj", "{A05515B7-EA1B-40D8-93CF-F31E9F281601}"
EndProject
Project("{FAE04EC0-301F-11D3-BF4B-00C04F79EFBC}") = "Tyuiu.AroyanAV.Sprint5.Task0.V30.Test", "Tyuiu.AroyanAV.Sprint5.Task0.V30.Test\Tyuiu.AroyanAV.Sprint5.Task0.V30.Test.csproj", "{6431F55A-0CFF-425D-83B3-7F9B23BA6DA4}"
EndProject
Project("{2150E333-8FDC-42A3-9474-1A3956D46DE8}") = "Task1", "Task1", "{0BB872D0-DA04-4C1A-8D4E-1D213FEA20F1}"
EndProject
Project("{FAE04EC0-301F-11D3-BF4B-00C04F79EFBC}") = "Tyuiu.AroyanAV.Sprint5.Task1.V19", "Tyuiu.AroyanAV.Sprint5.Task1.V19\Tyuiu.AroyanAV.Sprint5.Task1.V19.csproj", "{09CEF1FC-4ACF-4A76-A7A1-51609B91CE4F}"
EndProject
Project("{FAE04EC0-301F-11D3-BF4B-00C04F79EFBC}") = "Tyuiu.AroyanAV.Sprint5.Task1.V19.Lib", "Tyuiu.AroyanAV.Sprint5.Task1.V19.Lib\Tyuiu.AroyanAV.Sprint5.Task1.V19.Lib.csproj", "{BC7284F6-6CFE-4154-ADDA-0F8A5FD01234}"
EndProject
Project("{FAE04EC0-301F-11D3-BF4B-00C04F79EFBC}") = "Tyuiu.AroyanAV.Sprint5.Task1.V19.Test", "Tyuiu.AroyanAV.Sprint5.Task1.V19.Test\Tyuiu.AroyanAV.Sprint5.Task1.V19.Test.csproj", "{30EBECA0-6C4E-4032-BA72-0D27AB1AAA50}"
EndProject
Global
	GlobalSection(SolutionConfigurationPlatforms) = preSolution
		Debug|Any CPU = Debug|Any CPU
		Release|Any CPU = Release|Any CPU
	EndGlobalSection
	GlobalSection(ProjectConfigurationPlatforms) = postSolution
		{DC47AB6D-C874-4F72-9835-7E6E6C3E042A}.Debug|Any CPU.ActiveCfg = Debug|Any CPU
		{DC47AB6D-C874-4F72-9835-7E6E6C3E042A}.Debug|Any CPU.Build.0 = Debug|Any CPU
		{DC47AB6D-C874-4F72-9835-7E6E6C3E042A}.Release|Any CPU.ActiveCfg = Release|Any CPU
		{DC47AB6D-C874-4F72-9835-7E6E6C3E042A}.Release|Any CPU.Build.0 = Release|Any CPU
		{A05515B7-EA1B-40D8-93CF-F31E9F281601}.Debug|Any CPU.ActiveCfg = Debug|Any CPU
		{A05515B7-EA1B-40D8-93CF-F31E9F281601}.Debug|Any CPU.Build.0 = Debug|Any CPU
		{A05515B7-EA1B-40D8-93CF-F31E9F281601}.Release|Any CPU.ActiveCfg = Release|Any CPU
		{A05515B7-EA1B-40D8-93CF-F31E9F281601}.Release|Any CPU.Build.0 = Release|Any CPU
		{6431F55A-0CFF-425D-83B3-7F9B23BA6DA4}.Debug|Any CPU.ActiveCfg = Debug|Any CPU
		{6431F55A-0CFF-425D-83B3-7F9B23BA6DA4}.Debug|Any CPU.Build.0 = Debug|Any CPU
		{6431F55A-0CFF-425D-83B3-7F9B23BA6DA4}.Release|Any CPU.ActiveCfg = Release|Any CPU
		{6431F55A-0CFF-425D-83B3-7F9B23BA6DA4}.Release|Any CPU.Build.0 = Release|Any CPU
		{09CEF1FC-4ACF-4A76-A7A1-51609B91CE4F}.Debug|Any CPU.ActiveCfg = Debug|Any CPU
		{09CEF1FC-4ACF-4A76-A7A1-51609B91CE4F}.Debug|Any CPU.Build.0 = Debug|Any CPU
		{09CEF1FC-4ACF-4A76-A7A1-51609B91CE4F}.Release|Any CPU.ActiveCfg = Release|Any CPU
		{09CEF1FC-4ACF-4A76-A7A1-51609B91CE4F}.Release|Any CPU.Build.0 = Release|Any CPU
		{BC7284F6-6CFE-4154-ADDA-0F8A5FD01234}.Debug|Any CPU.ActiveCfg = Debug|Any CPU
		{BC7284F6-6CFE-4154-ADDA-0F8A5FD01234}.Debug|Any CPU.Build.0 = Debug|Any CPU
		{BC7284F6-6CFE-4154-ADDA-0F8A5FD01234}.Release|Any CPU.ActiveCfg = Release|Any CPU
		{BC7284F6-6CFE-4154-ADDA-0F8A5FD01234}.Release|Any CPU.Build.0 = Release|Any CPU
		{30EBECA0-6C4E-4032-BA72-0D27AB1AAA50}.Debug|Any CPU.ActiveCfg = Debug|Any CPU
		{30EBECA0-6C4E-4032-BA72-0D27AB1AAA50}.Debug|Any CPU.Build.0 = Debug|Any CPU
		{30EBECA0-6C4E-4032-BA72-0D27AB1AAA50}.Release|Any CPU.ActiveCfg = Release|Any CPU
		{30EBECA0-6C4E-4032-BA72-0D27AB1AAA50}.Release|Any CPU.Build.0 = Release|Any CPU
	EndGlobalSection
	GlobalSection(SolutionProperties) = preSolution
		HideSolutionNode = FALSE
	EndGlobalSection
	GlobalSection(NestedProjects) = preSolution
		{DC47AB6D-C874-4F72-9835-7E6E6C3E042A} = {02EA681E-C7D8-13C7-8484-4AC65E1B71E8}
		{A05515B7-EA1B-40D8-93CF-F31E9F281601} = {02EA681E-C7D8-13C7-8484-4AC65E1B71E8}
		{6431F55A-0CFF-425D-83B3-7F9B23BA6DA4} = {02EA681E-C7D8-13C7-8484-4AC65E1B71E8}
		{09CEF1FC-4ACF-4A76-A7A1-51609B91CE4F} = {0BB872D0-DA04-4C1A-8D4E-1D213FEA20F1}
		{BC7284F6-6CFE-4154-ADDA-0F8A5FD01234} = {0BB872D0-DA04-4C1A-8D4E-1D213FEA20F1}
		{30EBECA0-6C4E-4032-BA72-0D27AB1AAA50} = {0BB872D0-DA04-4C1A-8D4E-1D213FEA20F1}
	EndGlobalSection
	GlobalSection(ExtensibilityGlobals) = postSolution
		SolutionGuid = {B9D19981-FD49-493C-BCF9-2ED0662C735B}
	EndGlobalSection
EndGlobal
