
Microsoft Visual Studio Solution File, Format Version 12.00
# Visual Studio Version 17
VisualStudioVersion = 17.14.36623.8
MinimumVisualStudioVersion = 10.0.40219.1
Project("{2150E333-8FDC-42A3-9474-1A3956D46DE8}") = "Task0", "Task0", "{02EA681E-C7D8-13C7-8484-4AC65E1B71E8}"
EndProject
Project("{FAE04EC0-301F-11D3-BF4B-00C04F79EFBC}") = "Tyuiu.AroyanAV.Sprint5.Task0.V30", "Tyuiu.AroyanAV.Sprint5.Task0.V30\Tyuiu.AroyanAV.Sprint5.Task0.V30.csproj", "{DC47AB6D-C874-4F72-9835-7E6E6C3E042A}"
EndProject
Project("{FAE04EC0-301F-11D3-BF4B-00C04F79EFBC}") = "Tyuiu.AroyanAV.Sprint5.Task0.V30.Lib", "Tyuiu.AroyanAV.Sprint5.Task0.V30.Lib\Tyuiu.AroyanAV.Sprint5.Task0.V30.Lib.csproj", "{A05515B7-EA1B-40D8-93CF-F31E9F281601}"
EndProject
Project("{FAE04EC0-301F-11D3-BF4B-00C04F79EFBC}") = "Tyuiu.AroyanAV.Sprint5.Task0.V30.Test", "Tyuiu.AroyanAV.Sprint5.Task0.V30.Test\Tyuiu.AroyanAV.Sprint5.Task0.V30.Test.csproj", "{6431F55A-0CFF-425D-83B3-7F9B23BA6DA4}"
EndProject
Project("{2150E333-8FDC-42A3-9474-1A3956D46DE8}") = "Task1", "Task1", "{0BB872D0-DA04-4C1A-8D4E-1D213FEA20F1}"
EndProject
Project("{FAE04EC0-301F-11D3-BF4B-00C04F79EFBC}") = "Tyuiu.AroyanAV.Sprint5.Task1.V19", "Tyuiu.AroyanAV.Sprint5.Task1.V19\Tyuiu.AroyanAV.Sprint5.Task1.V19.csproj", "{09CEF1FC-4ACF-4A76-A7A1-51609B91CE4F}"
EndProject
Project("{FAE04EC0-301F-11D3-BF4B-00C04F79EFBC}") = "Tyuiu.AroyanAV.Sprint5.Task1.V19.Lib", "Tyuiu.AroyanAV.Sprint5.Task1.V19.Lib\Tyuiu.AroyanAV.Sprint5.Task1.V19.Lib.csproj", "{BC7284F6-6CFE-4154-ADDA-0F8A5FD01234}"
EndProject
Project("{FAE04EC0-301F-11D3-BF4B-00C04F79EFBC}") = "Tyuiu.AroyanAV.Sprint5.Task1.V19.Test", "Tyuiu.AroyanAV.Sprint5.Task1.V19.Test\Tyuiu.AroyanAV.Sprint5.Task1.V19.Test.csproj", "{30EBECA0-6C4E-4032-BA72-0D27AB1AAA50}"
EndProject
Project("{2150E333-8FDC-42A3-9474-1A3956D46DE8}") = "Task2", "Task2", "{DDD993EC-64D8-4AAE-90BF-864CB659BEDE}"
EndProject
Project("{FAE04EC0-301F-11D3-BF4B-00C04F79EFBC}") = "Tyuiu.AroyanAV.Sprint5.Task2.V26", "Tyuiu.AroyanAV.Sprint5.Task2.V26\Tyuiu.AroyanAV.Sprint5.Task2.V26.csproj", "{053964BC-0811-434F-AD15-54F5347626AA}"
EndProject
Project("{FAE04EC0-301F-11D3-BF4B-00C04F79EFBC}") = "Tyuiu.AroyanAV.Sprint5.Task2.V26.Lib", "Tyuiu.AroyanAV.Sprint5.Task2.V26.Lib\Tyuiu.AroyanAV.Sprint5.Task2.V26.Lib.csproj", "{A93B4BC8-8CC5-4C48-9186-13E83685013E}"
EndProject
Project("{FAE04EC0-301F-11D3-BF4B-00C04F79EFBC}") = "Tyuiu.AroyanAV.Sprint5.Task2.V26.Test", "Tyuiu.AroyanAV.Sprint5.Task2.V26.Test\Tyuiu.AroyanAV.Sprint5.Task2.V26.Test.csproj", "{C38E711B-FA48-42F6-AE54-524645BC8551}"
EndProject
Project("{2150E333-8FDC-42A3-9474-1A3956D46DE8}") = "Task3", "Task3", "{1E1752CC-7F75-48D4-BE20-33D1ECC6344C}"
EndProject
Project("{FAE04EC0-301F-11D3-BF4B-00C04F79EFBC}") = "Tyuiu.AroyanAV.Sprint5.Task3.V28", "Tyuiu.AroyanAV.Sprint5.Task3.V28\Tyuiu.AroyanAV.Sprint5.Task3.V28.csproj", "{1AC1B499-41F1-470F-98C4-1444D0F878C0}"
EndProject
Project("{FAE04EC0-301F-11D3-BF4B-00C04F79EFBC}") = "Tyuiu.AroyanAV.Sprint5.Task3.V28.Lib", "Tyuiu.AroyanAV.Sprint5.Task3.V28.Lib\Tyuiu.AroyanAV.Sprint5.Task3.V28.Lib.csproj", "{EAEF63A9-71F5-469C-96B2-42237656F6A2}"
EndProject
Project("{FAE04EC0-301F-11D3-BF4B-00C04F79EFBC}") = "Tyuiu.AroyanAV.Sprint5.Task3.V28.Test", "Tyuiu.AroyanAV.Sprint5.Task3.V28.Test\Tyuiu.AroyanAV.Sprint5.Task3.V28.Test.csproj", "{FB71AB2D-4926-47BB-BFF4-7FCE93732C6E}"
EndProject
Project("{2150E333-8FDC-42A3-9474-1A3956D46DE8}") = "Task4", "Task4", "{FA4BB732-6959-4F88-B5D4-287BC2A9A823}"
EndProject
Project("{FAE04EC0-301F-11D3-BF4B-00C04F79EFBC}") = "Tyuiu.AroyanAV.Sprint5.Task4.V4", "Tyuiu.AroyanAV.Sprint5.Task4.V4\Tyuiu.AroyanAV.Sprint5.Task4.V4.csproj", "{DD15D6DB-1967-41FC-BFCB-1E59937DD5D0}"
EndProject
Project("{FAE04EC0-301F-11D3-BF4B-00C04F79EFBC}") = "Tyuiu.AroyanAV.Sprint5.Task4.V4.Lib", "Tyuiu.AroyanAV.Sprint5.Task4.V4.Lib\Tyuiu.AroyanAV.Sprint5.Task4.V4.Lib.csproj", "{A5D93353-5031-4EBB-B195-56EE4B8D1249}"
EndProject
Project("{FAE04EC0-301F-11D3-BF4B-00C04F79EFBC}") = "Tyuiu.AroyanAV.Sprint5.Task4.V4.Test", "Tyuiu.AroyanAV.Sprint5.Task4.V4.Test\Tyuiu.AroyanAV.Sprint5.Task4.V4.Test.csproj", "{22A2CCEF-A285-4A08-A512-170281FFA151}"
EndProject
Global
	GlobalSection(SolutionConfigurationPlatforms) = preSolution
		Debug|Any CPU = Debug|Any CPU
		Release|Any CPU = Release|Any CPU
	EndGlobalSection
	GlobalSection(ProjectConfigurationPlatforms) = postSolution
		{DC47AB6D-C874-4F72-9835-7E6E6C3E042A}.Debug|Any CPU.ActiveCfg = Debug|Any CPU
		{DC47AB6D-C874-4F72-9835-7E6E6C3E042A}.Debug|Any CPU.Build.0 = Debug|Any CPU
		{DC47AB6D-C874-4F72-9835-7E6E6C3E042A}.Release|Any CPU.ActiveCfg = Release|Any CPU
		{DC47AB6D-C874-4F72-9835-7E6E6C3E042A}.Release|Any CPU.Build.0 = Release|Any CPU
		{A05515B7-EA1B-40D8-93CF-F31E9F281601}.Debug|Any CPU.ActiveCfg = Debug|Any CPU
		{A05515B7-EA1B-40D8-93CF-F31E9F281601}.Debug|Any CPU.Build.0 = Debug|Any CPU
		{A05515B7-EA1B-40D8-93CF-F31E9F281601}.Release|Any CPU.ActiveCfg = Release|Any CPU
		{A05515B7-EA1B-40D8-93CF-F31E9F281601}.Release|Any CPU.Build.0 = Release|Any CPU
		{6431F55A-0CFF-425D-83B3-7F9B23BA6DA4}.Debug|Any CPU.ActiveCfg = Debug|Any CPU
		{6431F55A-0CFF-425D-83B3-7F9B23BA6DA4}.Debug|Any CPU.Build.0 = Debug|Any CPU
		{6431F55A-0CFF-425D-83B3-7F9B23BA6DA4}.Release|Any CPU.ActiveCfg = Release|Any CPU
		{6431F55A-0CFF-425D-83B3-7F9B23BA6DA4}.Release|Any CPU.Build.0 = Release|Any CPU
		{09CEF1FC-4ACF-4A76-A7A1-51609B91CE4F}.Debug|Any CPU.ActiveCfg = Debug|Any CPU
		{09CEF1FC-4ACF-4A76-A7A1-51609B91CE4F}.Debug|Any CPU.Build.0 = Debug|Any CPU
		{09CEF1FC-4ACF-4A76-A7A1-51609B91CE4F}.Release|Any CPU.ActiveCfg = Release|Any CPU
		{09CEF1FC-4ACF-4A76-A7A1-51609B91CE4F}.Release|Any CPU.Build.0 = Release|Any CPU
		{BC7284F6-6CFE-4154-ADDA-0F8A5FD01234}.Debug|Any CPU.ActiveCfg = Debug|Any CPU
		{BC7284F6-6CFE-4154-ADDA-0F8A5FD01234}.Debug|Any CPU.Build.0 = Debug|Any CPU
		{BC7284F6-6CFE-4154-ADDA-0F8A5FD01234}.Release|Any CPU.ActiveCfg = Release|Any CPU
		{BC7284F6-6CFE-4154-ADDA-0F8A5FD01234}.Release|Any CPU.Build.0 = Release|Any CPU
		{30EBECA0-6C4E-4032-BA72-0D27AB1AAA50}.Debug|Any CPU.ActiveCfg = Debug|Any CPU
		{30EBECA0-6C4E-4032-BA72-0D27AB1AAA50}.Debug|Any CPU.Build.0 = Debug|Any CPU
		{30EBECA0-6C4E-4032-BA72-0D27AB1AAA50}.Release|Any CPU.ActiveCfg = Release|Any CPU
		{30EBECA0-6C4E-4032-BA72-0D27AB1AAA50}.Release|Any CPU.Build.0 = Release|Any CPU
		{053964BC-0811-434F-AD15-54F5347626AA}.Debug|Any CPU.ActiveCfg = Debug|Any CPU
		{053964BC-0811-434F-AD15-54F5347626AA}.Debug|Any CPU.Build.0 = Debug|Any CPU
		{053964BC-0811-434F-AD15-54F5347626AA}.Release|Any CPU.ActiveCfg = Release|Any CPU
		{053964BC-0811-434F-AD15-54F5347626AA}.Release|Any CPU.Build.0 = Release|Any CPU
		{A93B4BC8-8CC5-4C48-9186-13E83685013E}.Debug|Any CPU.ActiveCfg = Debug|Any CPU
		{A93B4BC8-8CC5-4C48-9186-13E83685013E}.Debug|Any CPU.Build.0 = Debug|Any CPU
		{A93B4BC8-8CC5-4C48-9186-13E83685013E}.Release|Any CPU.ActiveCfg = Release|Any CPU
		{A93B4BC8-8CC5-4C48-9186-13E83685013E}.Release|Any CPU.Build.0 = Release|Any CPU
		{C38E711B-FA48-42F6-AE54-524645BC8551}.Debug|Any CPU.ActiveCfg = Debug|Any CPU
		{C38E711B-FA48-42F6-AE54-524645BC8551}.Debug|Any CPU.Build.0 = Debug|Any CPU
		{C38E711B-FA48-42F6-AE54-524645BC8551}.Release|Any CPU.ActiveCfg = Release|Any CPU
		{C38E711B-FA48-42F6-AE54-524645BC8551}.Release|Any CPU.Build.0 = Release|Any CPU
		{1AC1B499-41F1-470F-98C4-1444D0F878C0}.Debug|Any CPU.ActiveCfg = Debug|Any CPU
		{1AC1B499-41F1-470F-98C4-1444D0F878C0}.Debug|Any CPU.Build.0 = Debug|Any CPU
		{1AC1B499-41F1-470F-98C4-1444D0F878C0}.Release|Any CPU.ActiveCfg = Release|Any CPU
		{1AC1B499-41F1-470F-98C4-1444D0F878C0}.Release|Any CPU.Build.0 = Release|Any CPU
		{EAEF63A9-71F5-469C-96B2-42237656F6A2}.Debug|Any CPU.ActiveCfg = Debug|Any CPU
		{EAEF63A9-71F5-469C-96B2-42237656F6A2}.Debug|Any CPU.Build.0 = Debug|Any CPU
		{EAEF63A9-71F5-469C-96B2-42237656F6A2}.Release|Any CPU.ActiveCfg = Release|Any CPU
		{EAEF63A9-71F5-469C-96B2-42237656F6A2}.Release|Any CPU.Build.0 = Release|Any CPU
		{FB71AB2D-4926-47BB-BFF4-7FCE93732C6E}.Debug|Any CPU.ActiveCfg = Debug|Any CPU
		{FB71AB2D-4926-47BB-BFF4-7FCE93732C6E}.Debug|Any CPU.Build.0 = Debug|Any CPU
		{FB71AB2D-4926-47BB-BFF4-7FCE93732C6E}.Release|Any CPU.ActiveCfg = Release|Any CPU
		{FB71AB2D-4926-47BB-BFF4-7FCE93732C6E}.Release|Any CPU.Build.0 = Release|Any CPU
		{DD15D6DB-1967-41FC-BFCB-1E59937DD5D0}.Debug|Any CPU.ActiveCfg = Debug|Any CPU
		{DD15D6DB-1967-41FC-BFCB-1E59937DD5D0}.Debug|Any CPU.Build.0 = Debug|Any CPU
		{DD15D6DB-1967-41FC-BFCB-1E59937DD5D0}.Release|Any CPU.ActiveCfg = Release|Any CPU
		{DD15D6DB-1967-41FC-BFCB-1E59937DD5D0}.Release|Any CPU.Build.0 = Release|Any CPU
		{A5D93353-5031-4EBB-B195-56EE4B8D1249}.Debug|Any CPU.ActiveCfg = Debug|Any CPU
		{A5D93353-5031-4EBB-B195-56EE4B8D1249}.Debug|Any CPU.Build.0 = Debug|Any CPU
		{A5D93353-5031-4EBB-B195-56EE4B8D1249}.Release|Any CPU.ActiveCfg = Release|Any CPU
		{A5D93353-5031-4EBB-B195-56EE4B8D1249}.Release|Any CPU.Build.0 = Release|Any CPU
		{22A2CCEF-A285-4A08-A512-170281FFA151}.Debug|Any CPU.ActiveCfg = Debug|Any CPU
		{22A2CCEF-A285-4A08-A512-170281FFA151}.Debug|Any CPU.Build.0 = Debug|Any CPU
		{22A2CCEF-A285-4A08-A512-170281FFA151}.Release|Any CPU.ActiveCfg = Release|Any CPU
		{22A2CCEF-A285-4A08-A512-170281FFA151}.Release|Any CPU.Build.0 = Release|Any CPU
	EndGlobalSection
	GlobalSection(SolutionProperties) = preSolution
		HideSolutionNode = FALSE
	EndGlobalSection
	GlobalSection(NestedProjects) = preSolution
		{DC47AB6D-C874-4F72-9835-7E6E6C3E042A} = {02EA681E-C7D8-13C7-8484-4AC65E1B71E8}
		{A05515B7-EA1B-40D8-93CF-F31E9F281601} = {02EA681E-C7D8-13C7-8484-4AC65E1B71E8}
		{6431F55A-0CFF-425D-83B3-7F9B23BA6DA4} = {02EA681E-C7D8-13C7-8484-4AC65E1B71E8}
		{09CEF1FC-4ACF-4A76-A7A1-51609B91CE4F} = {0BB872D0-DA04-4C1A-8D4E-1D213FEA20F1}
		{BC7284F6-6CFE-4154-ADDA-0F8A5FD01234} = {0BB872D0-DA04-4C1A-8D4E-1D213FEA20F1}
		{30EBECA0-6C4E-4032-BA72-0D27AB1AAA50} = {0BB872D0-DA04-4C1A-8D4E-1D213FEA20F1}
		{053964BC-0811-434F-AD15-54F5347626AA} = {DDD993EC-64D8-4AAE-90BF-864CB659BEDE}
		{A93B4BC8-8CC5-4C48-9186-13E83685013E} = {DDD993EC-64D8-4AAE-90BF-864CB659BEDE}
		{C38E711B-FA48-42F6-AE54-524645BC8551} = {DDD993EC-64D8-4AAE-90BF-864CB659BEDE}
		{1AC1B499-41F1-470F-98C4-1444D0F878C0} = {1E1752CC-7F75-48D4-BE20-33D1ECC6344C}
		{EAEF63A9-71F5-469C-96B2-42237656F6A2} = {1E1752CC-7F75-48D4-BE20-33D1ECC6344C}
		{FB71AB2D-4926-47BB-BFF4-7FCE93732C6E} = {1E1752CC-7F75-48D4-BE20-33D1ECC6344C}
		{DD15D6DB-1967-41FC-BFCB-1E59937DD5D0} = {FA4BB732-6959-4F88-B5D4-287BC2A9A823}
		{A5D93353-5031-4EBB-B195-56EE4B8D1249} = {FA4BB732-6959-4F88-B5D4-287BC2A9A823}
		{22A2CCEF-A285-4A08-A512-170281FFA151} = {FA4BB732-6959-4F88-B5D4-287BC2A9A823}
	EndGlobalSection
	GlobalSection(ExtensibilityGlobals) = postSolution
		SolutionGuid = {B9D19981-FD49-493C-BCF9-2ED0662C735B}
	EndGlobalSection
EndGlobal
