<Solution>
  <Project Path="Tyuiu.AroyanAV.Sprint5.Task4.V4.Lib/Tyuiu.AroyanAV.Sprint5.Task4.V4.Lib.csproj" />
  <Project Path="Tyuiu.AroyanAV.Sprint5.Task4.V4.Test/Tyuiu.AroyanAV.Sprint5.Task4.V4.Test.csproj" />
  <Project Path="Tyuiu.AroyanAV.Sprint5.Task4.V4/Tyuiu.AroyanAV.Sprint5.Task4.V4.csproj" />
</Solution>
